
Microsoft Visual Studio Solution File, Format Version 12.00
# Visual Studio 14
VisualStudioVersion = 14.0.24720.0
MinimumVisualStudioVersion = 10.0.40219.1
Project("{A07B5EB6-E848-4116-A8D0-A826331D98C6}") = "CommandTest", "CommandTest\CommandTest.sfproj", "{471C93C3-E5E8-4531-B7B9-ABB97E48D675}"
EndProject
Project("{FAE04EC0-301F-11D3-BF4B-00C04F79EFBC}") = "CommandWebApi", "CommandWebApi\CommandWebApi.csproj", "{9D774387-1741-4BC4-9ACF-61F35919AC35}"
EndProject
Project("{FAE04EC0-301F-11D3-BF4B-00C04F79EFBC}") = "CommandSvc", "CommandSvc\CommandSvc.csproj", "{17202CCB-3D62-497C-AF26-8974D92EEFF8}"
EndProject
Project("{FAE04EC0-301F-11D3-BF4B-00C04F79EFBC}") = "CommandActor", "CommandActor\CommandActor.csproj", "{5A67F12B-5E09-4A38-A73B-5C4922F98D4C}"
EndProject
Project("{FAE04EC0-301F-11D3-BF4B-00C04F79EFBC}") = "CommandActor.Interfaces", "CommandActor.Interfaces\CommandActor.Interfaces.csproj", "{29416B28-E9EE-492B-BFCC-F7213DD3761A}"
EndProject
Global
	GlobalSection(SolutionConfigurationPlatforms) = preSolution
		Debug|x64 = Debug|x64
		Release|x64 = Release|x64
	EndGlobalSection
	GlobalSection(ProjectConfigurationPlatforms) = postSolution
		{471C93C3-E5E8-4531-B7B9-ABB97E48D675}.Debug|x64.ActiveCfg = Debug|x64
		{471C93C3-E5E8-4531-B7B9-ABB97E48D675}.Debug|x64.Build.0 = Debug|x64
		{471C93C3-E5E8-4531-B7B9-ABB97E48D675}.Debug|x64.Deploy.0 = Debug|x64
		{471C93C3-E5E8-4531-B7B9-ABB97E48D675}.Release|x64.ActiveCfg = Release|x64
		{471C93C3-E5E8-4531-B7B9-ABB97E48D675}.Release|x64.Build.0 = Release|x64
		{471C93C3-E5E8-4531-B7B9-ABB97E48D675}.Release|x64.Deploy.0 = Release|x64
		{9D774387-1741-4BC4-9ACF-61F35919AC35}.Debug|x64.ActiveCfg = Debug|x64
		{9D774387-1741-4BC4-9ACF-61F35919AC35}.Debug|x64.Build.0 = Debug|x64
		{9D774387-1741-4BC4-9ACF-61F35919AC35}.Release|x64.ActiveCfg = Release|x64
		{9D774387-1741-4BC4-9ACF-61F35919AC35}.Release|x64.Build.0 = Release|x64
		{17202CCB-3D62-497C-AF26-8974D92EEFF8}.Debug|x64.ActiveCfg = Debug|x64
		{17202CCB-3D62-497C-AF26-8974D92EEFF8}.Debug|x64.Build.0 = Debug|x64
		{17202CCB-3D62-497C-AF26-8974D92EEFF8}.Release|x64.ActiveCfg = Release|x64
		{17202CCB-3D62-497C-AF26-8974D92EEFF8}.Release|x64.Build.0 = Release|x64
		{5A67F12B-5E09-4A38-A73B-5C4922F98D4C}.Debug|x64.ActiveCfg = Debug|x64
		{5A67F12B-5E09-4A38-A73B-5C4922F98D4C}.Debug|x64.Build.0 = Debug|x64
		{5A67F12B-5E09-4A38-A73B-5C4922F98D4C}.Release|x64.ActiveCfg = Release|x64
		{5A67F12B-5E09-4A38-A73B-5C4922F98D4C}.Release|x64.Build.0 = Release|x64
		{29416B28-E9EE-492B-BFCC-F7213DD3761A}.Debug|x64.ActiveCfg = Debug|x64
		{29416B28-E9EE-492B-BFCC-F7213DD3761A}.Debug|x64.Build.0 = Debug|x64
		{29416B28-E9EE-492B-BFCC-F7213DD3761A}.Release|x64.ActiveCfg = Release|x64
		{29416B28-E9EE-492B-BFCC-F7213DD3761A}.Release|x64.Build.0 = Release|x64
	EndGlobalSection
	GlobalSection(SolutionProperties) = preSolution
		HideSolutionNode = FALSE
	EndGlobalSection
EndGlobal
